// !$*UTF8*$!
{
	archiveVersion = 1;
	classes = {
	};
	objectVersion = 56;
	objects = {

/* Begin PBXBuildFile section */
		1CD828B32D70F53D00624EBD /* platemateApp.swift in Sources */ = {isa = PBXBuildFile; fileRef = 1CD828B22D70F53D00624EBD /* platemateApp.swift */; };
		1CD828B52D70F53D00624EBD /* ContentView.swift in Sources */ = {isa = PBXBuildFile; fileRef = 1CD828B42D70F53D00624EBD /* ContentView.swift */; };
		1CD828B72D70F53E00624EBD /* Assets.xcassets in Resources */ = {isa = PBXBuildFile; fileRef = 1CD828B62D70F53E00624EBD /* Assets.xcassets */; };
		1CD828BA2D70F53E00624EBD /* Preview Assets.xcassets in Resources */ = {isa = PBXBuildFile; fileRef = 1CD828B92D70F53E00624EBD /* Preview Assets.xcassets */; };
		1CD828BC2D70F53E00624EBD /* Persistence.swift in Sources */ = {isa = PBXBuildFile; fileRef = 1CD828BB2D70F53E00624EBD /* Persistence.swift */; };
		1CD828BF2D70F53E00624EBD /* platemate.xcdatamodeld in Sources */ = {isa = PBXBuildFile; fileRef = 1CD828BD2D70F53E00624EBD /* platemate.xcdatamodeld */; };
		1CD828C92D70F53F00624EBD /* platemateTests.swift in Sources */ = {isa = PBXBuildFile; fileRef = 1CD828C82D70F53F00624EBD /* platemateTests.swift */; };
		1CD828D32D70F53F00624EBD /* platemateUITests.swift in Sources */ = {isa = PBXBuildFile; fileRef = 1CD828D22D70F53F00624EBD /* platemateUITests.swift */; };
		1CD828D52D70F53F00624EBD /* platemateUITestsLaunchTests.swift in Sources */ = {isa = PBXBuildFile; fileRef = 1CD828D42D70F53F00624EBD /* platemateUITestsLaunchTests.swift */; };
		1CD828E32D7107D200624EBD /* GoogleGenerativeAI in Frameworks */ = {isa = PBXBuildFile; productRef = 1CD828E22D7107D200624EBD /* GoogleGenerativeAI */; };
/* End PBXBuildFile section */

/* Begin PBXContainerItemProxy section */
		1CD828C52D70F53F00624EBD /* PBXContainerItemProxy */ = {
			isa = PBXContainerItemProxy;
			containerPortal = 1CD828A72D70F53D00624EBD /* Project object */;
			proxyType = 1;
			remoteGlobalIDString = 1CD828AE2D70F53D00624EBD;
			remoteInfo = platemate;
		};
		1CD828CF2D70F53F00624EBD /* PBXContainerItemProxy */ = {
			isa = PBXContainerItemProxy;
			containerPortal = 1CD828A72D70F53D00624EBD /* Project object */;
			proxyType = 1;
			remoteGlobalIDString = 1CD828AE2D70F53D00624EBD;
			remoteInfo = platemate;
		};
/* End PBXContainerItemProxy section */

/* Begin PBXFileReference section */
		1CD828AF2D70F53D00624EBD /* platemate.app */ = {isa = PBXFileReference; explicitFileType = wrapper.application; includeInIndex = 0; path = platemate.app; sourceTree = BUILT_PRODUCTS_DIR; };
		1CD828B22D70F53D00624EBD /* platemateApp.swift */ = {isa = PBXFileReference; lastKnownFileType = sourcecode.swift; path = platemateApp.swift; sourceTree = "<group>"; };
		1CD828B42D70F53D00624EBD /* ContentView.swift */ = {isa = PBXFileReference; lastKnownFileType = sourcecode.swift; path = ContentView.swift; sourceTree = "<group>"; };
		1CD828B62D70F53E00624EBD /* Assets.xcassets */ = {isa = PBXFileReference; lastKnownFileType = folder.assetcatalog; path = Assets.xcassets; sourceTree = "<group>"; };
		1CD828B92D70F53E00624EBD /* Preview Assets.xcassets */ = {isa = PBXFileReference; lastKnownFileType = folder.assetcatalog; path = "Preview Assets.xcassets"; sourceTree = "<group>"; };
		1CD828BB2D70F53E00624EBD /* Persistence.swift */ = {isa = PBXFileReference; lastKnownFileType = sourcecode.swift; path = Persistence.swift; sourceTree = "<group>"; };
		1CD828BE2D70F53E00624EBD /* platemate.xcdatamodel */ = {isa = PBXFileReference; lastKnownFileType = wrapper.xcdatamodel; path = platemate.xcdatamodel; sourceTree = "<group>"; };
		1CD828C42D70F53F00624EBD /* platemateTests.xctest */ = {isa = PBXFileReference; explicitFileType = wrapper.cfbundle; includeInIndex = 0; path = platemateTests.xctest; sourceTree = BUILT_PRODUCTS_DIR; };
		1CD828C82D70F53F00624EBD /* platemateTests.swift */ = {isa = PBXFileReference; lastKnownFileType = sourcecode.swift; path = platemateTests.swift; sourceTree = "<group>"; };
		1CD828CE2D70F53F00624EBD /* platemateUITests.xctest */ = {isa = PBXFileReference; explicitFileType = wrapper.cfbundle; includeInIndex = 0; path = platemateUITests.xctest; sourceTree = BUILT_PRODUCTS_DIR; };
		1CD828D22D70F53F00624EBD /* platemateUITests.swift */ = {isa = PBXFileReference; lastKnownFileType = sourcecode.swift; path = platemateUITests.swift; sourceTree = "<group>"; };
		1CD828D42D70F53F00624EBD /* platemateUITestsLaunchTests.swift */ = {isa = PBXFileReference; lastKnownFileType = sourcecode.swift; path = platemateUITestsLaunchTests.swift; sourceTree = "<group>"; };
/* End PBXFileReference section */

/* Begin PBXFrameworksBuildPhase section */
		1CD828AC2D70F53D00624EBD /* Frameworks */ = {
			isa = PBXFrameworksBuildPhase;
			buildActionMask = 2147483647;
			files = (
				1CD828E32D7107D200624EBD /* GoogleGenerativeAI in Frameworks */,
			);
			runOnlyForDeploymentPostprocessing = 0;
		};
		1CD828C12D70F53F00624EBD /* Frameworks */ = {
			isa = PBXFrameworksBuildPhase;
			buildActionMask = 2147483647;
			files = (
			);
			runOnlyForDeploymentPostprocessing = 0;
		};
		1CD828CB2D70F53F00624EBD /* Frameworks */ = {
			isa = PBXFrameworksBuildPhase;
			buildActionMask = 2147483647;
			files = (
			);
			runOnlyForDeploymentPostprocessing = 0;
		};
/* End PBXFrameworksBuildPhase section */

/* Begin PBXGroup section */
		1CD828A62D70F53D00624EBD = {
			isa = PBXGroup;
			children = (
				1CD828B12D70F53D00624EBD /* platemate */,
				1CD828C72D70F53F00624EBD /* platemateTests */,
				1CD828D12D70F53F00624EBD /* platemateUITests */,
				1CD828B02D70F53D00624EBD /* Products */,
			);
			sourceTree = "<group>";
		};
		1CD828B02D70F53D00624EBD /* Products */ = {
			isa = PBXGroup;
			children = (
				1CD828AF2D70F53D00624EBD /* platemate.app */,
				1CD828C42D70F53F00624EBD /* platemateTests.xctest */,
				1CD828CE2D70F53F00624EBD /* platemateUITests.xctest */,
			);
			name = Products;
			sourceTree = "<group>";
		};
		1CD828B12D70F53D00624EBD /* platemate */ = {
			isa = PBXGroup;
			children = (
				1CD828B22D70F53D00624EBD /* platemateApp.swift */,
				1CD828B42D70F53D00624EBD /* ContentView.swift */,
				1CD828B62D70F53E00624EBD /* Assets.xcassets */,
				1CD828BB2D70F53E00624EBD /* Persistence.swift */,
				1CD828BD2D70F53E00624EBD /* platemate.xcdatamodeld */,
				1CD828B82D70F53E00624EBD /* Preview Content */,
			);
			path = platemate;
			sourceTree = "<group>";
		};
		1CD828B82D70F53E00624EBD /* Preview Content */ = {
			isa = PBXGroup;
			children = (
				1CD828B92D70F53E00624EBD /* Preview Assets.xcassets */,
			);
			path = "Preview Content";
			sourceTree = "<group>";
		};
		1CD828C72D70F53F00624EBD /* platemateTests */ = {
			isa = PBXGroup;
			children = (
				1CD828C82D70F53F00624EBD /* platemateTests.swift */,
			);
			path = platemateTests;
			sourceTree = "<group>";
		};
		1CD828D12D70F53F00624EBD /* platemateUITests */ = {
			isa = PBXGroup;
			children = (
				1CD828D22D70F53F00624EBD /* platemateUITests.swift */,
				1CD828D42D70F53F00624EBD /* platemateUITestsLaunchTests.swift */,
			);
			path = platemateUITests;
			sourceTree = "<group>";
		};
/* End PBXGroup section */

/* Begin PBXNativeTarget section */
		1CD828AE2D70F53D00624EBD /* platemate */ = {
			isa = PBXNativeTarget;
			buildConfigurationList = 1CD828D82D70F53F00624EBD /* Build configuration list for PBXNativeTarget "platemate" */;
			buildPhases = (
				1CD828AB2D70F53D00624EBD /* Sources */,
				1CD828AC2D70F53D00624EBD /* Frameworks */,
				1CD828AD2D70F53D00624EBD /* Resources */,
			);
			buildRules = (
			);
			dependencies = (
			);
			name = platemate;
			packageProductDependencies = (
				1CD828E22D7107D200624EBD /* GoogleGenerativeAI */,
			);
			productName = platemate;
			productReference = 1CD828AF2D70F53D00624EBD /* platemate.app */;
			productType = "com.apple.product-type.application";
		};
		1CD828C32D70F53F00624EBD /* platemateTests */ = {
			isa = PBXNativeTarget;
			buildConfigurationList = 1CD828DB2D70F53F00624EBD /* Build configuration list for PBXNativeTarget "platemateTests" */;
			buildPhases = (
				1CD828C02D70F53F00624EBD /* Sources */,
				1CD828C12D70F53F00624EBD /* Frameworks */,
				1CD828C22D70F53F00624EBD /* Resources */,
			);
			buildRules = (
			);
			dependencies = (
				1CD828C62D70F53F00624EBD /* PBXTargetDependency */,
			);
			name = platemateTests;
			productName = platemateTests;
			productReference = 1CD828C42D70F53F00624EBD /* platemateTests.xctest */;
			productType = "com.apple.product-type.bundle.unit-test";
		};
		1CD828CD2D70F53F00624EBD /* platemateUITests */ = {
			isa = PBXNativeTarget;
			buildConfigurationList = 1CD828DE2D70F53F00624EBD /* Build configuration list for PBXNativeTarget "platemateUITests" */;
			buildPhases = (
				1CD828CA2D70F53F00624EBD /* Sources */,
				1CD828CB2D70F53F00624EBD /* Frameworks */,
				1CD828CC2D70F53F00624EBD /* Resources */,
			);
			buildRules = (
			);
			dependencies = (
				1CD828D02D70F53F00624EBD /* PBXTargetDependency */,
			);
			name = platemateUITests;
			productName = platemateUITests;
			productReference = 1CD828CE2D70F53F00624EBD /* platemateUITests.xctest */;
			productType = "com.apple.product-type.bundle.ui-testing";
		};
/* End PBXNativeTarget section */

/* Begin PBXProject section */
		1CD828A72D70F53D00624EBD /* Project object */ = {
			isa = PBXProject;
			attributes = {
				BuildIndependentTargetsInParallel = 1;
				LastSwiftUpdateCheck = 1540;
				LastUpgradeCheck = 1540;
				TargetAttributes = {
					1CD828AE2D70F53D00624EBD = {
						CreatedOnToolsVersion = 15.4;
					};
					1CD828C32D70F53F00624EBD = {
						CreatedOnToolsVersion = 15.4;
						TestTargetID = 1CD828AE2D70F53D00624EBD;
					};
					1CD828CD2D70F53F00624EBD = {
						CreatedOnToolsVersion = 15.4;
						TestTargetID = 1CD828AE2D70F53D00624EBD;
					};
				};
			};
			buildConfigurationList = 1CD828AA2D70F53D00624EBD /* Build configuration list for PBXProject "platemate" */;
			compatibilityVersion = "Xcode 14.0";
			developmentRegion = en;
			hasScannedForEncodings = 0;
			knownRegions = (
				en,
				Base,
			);
			mainGroup = 1CD828A62D70F53D00624EBD;
			packageReferences = (
				1CD828E12D7107D200624EBD /* XCRemoteSwiftPackageReference "generative-ai-swift" */,
			);
			productRefGroup = 1CD828B02D70F53D00624EBD /* Products */;
			projectDirPath = "";
			projectRoot = "";
			targets = (
				1CD828AE2D70F53D00624EBD /* platemate */,
				1CD828C32D70F53F00624EBD /* platemateTests */,
				1CD828CD2D70F53F00624EBD /* platemateUITests */,
			);
		};
/* End PBXProject section */

/* Begin PBXResourcesBuildPhase section */
		1CD828AD2D70F53D00624EBD /* Resources */ = {
			isa = PBXResourcesBuildPhase;
			buildActionMask = 2147483647;
			files = (
				1CD828BA2D70F53E00624EBD /* Preview Assets.xcassets in Resources */,
				1CD828B72D70F53E00624EBD /* Assets.xcassets in Resources */,
			);
			runOnlyForDeploymentPostprocessing = 0;
		};
		1CD828C22D70F53F00624EBD /* Resources */ = {
			isa = PBXResourcesBuildPhase;
			buildActionMask = 2147483647;
			files = (
			);
			runOnlyForDeploymentPostprocessing = 0;
		};
		1CD828CC2D70F53F00624EBD /* Resources */ = {
			isa = PBXResourcesBuildPhase;
			buildActionMask = 2147483647;
			files = (
			);
			runOnlyForDeploymentPostprocessing = 0;
		};
/* End PBXResourcesBuildPhase section */

/* Begin PBXSourcesBuildPhase section */
		1CD828AB2D70F53D00624EBD /* Sources */ = {
			isa = PBXSourcesBuildPhase;
			buildActionMask = 2147483647;
			files = (
				1CD828BC2D70F53E00624EBD /* Persistence.swift in Sources */,
				1CD828B52D70F53D00624EBD /* ContentView.swift in Sources */,
				1CD828B32D70F53D00624EBD /* platemateApp.swift in Sources */,
				1CD828BF2D70F53E00624EBD /* platemate.xcdatamodeld in Sources */,
			);
			runOnlyForDeploymentPostprocessing = 0;
		};
		1CD828C02D70F53F00624EBD /* Sources */ = {
			isa = PBXSourcesBuildPhase;
			buildActionMask = 2147483647;
			files = (
				1CD828C92D70F53F00624EBD /* platemateTests.swift in Sources */,
			);
			runOnlyForDeploymentPostprocessing = 0;
		};
		1CD828CA2D70F53F00624EBD /* Sources */ = {
			isa = PBXSourcesBuildPhase;
			buildActionMask = 2147483647;
			files = (
				1CD828D52D70F53F00624EBD /* platemateUITestsLaunchTests.swift in Sources */,
				1CD828D32D70F53F00624EBD /* platemateUITests.swift in Sources */,
			);
			runOnlyForDeploymentPostprocessing = 0;
		};
/* End PBXSourcesBuildPhase section */

/* Begin PBXTargetDependency section */
		1CD828C62D70F53F00624EBD /* PBXTargetDependency */ = {
			isa = PBXTargetDependency;
			target = 1CD828AE2D70F53D00624EBD /* platemate */;
			targetProxy = 1CD828C52D70F53F00624EBD /* PBXContainerItemProxy */;
		};
		1CD828D02D70F53F00624EBD /* PBXTargetDependency */ = {
			isa = PBXTargetDependency;
			target = 1CD828AE2D70F53D00624EBD /* platemate */;
			targetProxy = 1CD828CF2D70F53F00624EBD /* PBXContainerItemProxy */;
		};
/* End PBXTargetDependency section */

/* Begin XCBuildConfiguration section */
		1CD828D62D70F53F00624EBD /* Debug */ = {
			isa = XCBuildConfiguration;
			buildSettings = {
				ALWAYS_SEARCH_USER_PATHS = NO;
				ASSETCATALOG_COMPILER_GENERATE_SWIFT_ASSET_SYMBOL_EXTENSIONS = YES;
				CLANG_ANALYZER_NONNULL = YES;
				CLANG_ANALYZER_NUMBER_OBJECT_CONVERSION = YES_AGGRESSIVE;
				CLANG_CXX_LANGUAGE_STANDARD = "gnu++20";
				CLANG_ENABLE_MODULES = YES;
				CLANG_ENABLE_OBJC_ARC = YES;
				CLANG_ENABLE_OBJC_WEAK = YES;
				CLANG_WARN_BLOCK_CAPTURE_AUTORELEASING = YES;
				CLANG_WARN_BOOL_CONVERSION = YES;
				CLANG_WARN_COMMA = YES;
				CLANG_WARN_CONSTANT_CONVERSION = YES;
				CLANG_WARN_DEPRECATED_OBJC_IMPLEMENTATIONS = YES;
				CLANG_WARN_DIRECT_OBJC_ISA_USAGE = YES_ERROR;
				CLANG_WARN_DOCUMENTATION_COMMENTS = YES;
				CLANG_WARN_EMPTY_BODY = YES;
				CLANG_WARN_ENUM_CONVERSION = YES;
				CLANG_WARN_INFINITE_RECURSION = YES;
				CLANG_WARN_INT_CONVERSION = YES;
				CLANG_WARN_NON_LITERAL_NULL_CONVERSION = YES;
				CLANG_WARN_OBJC_IMPLICIT_RETAIN_SELF = YES;
				CLANG_WARN_OBJC_LITERAL_CONVERSION = YES;
				CLANG_WARN_OBJC_ROOT_CLASS = YES_ERROR;
				CLANG_WARN_QUOTED_INCLUDE_IN_FRAMEWORK_HEADER = YES;
				CLANG_WARN_RANGE_LOOP_ANALYSIS = YES;
				CLANG_WARN_STRICT_PROTOTYPES = YES;
				CLANG_WARN_SUSPICIOUS_MOVE = YES;
				CLANG_WARN_UNGUARDED_AVAILABILITY = YES_AGGRESSIVE;
				CLANG_WARN_UNREACHABLE_CODE = YES;
				CLANG_WARN__DUPLICATE_METHOD_MATCH = YES;
				COPY_PHASE_STRIP = NO;
				DEBUG_INFORMATION_FORMAT = dwarf;
				ENABLE_STRICT_OBJC_MSGSEND = YES;
				ENABLE_TESTABILITY = YES;
				ENABLE_USER_SCRIPT_SANDBOXING = YES;
				GCC_C_LANGUAGE_STANDARD = gnu17;
				GCC_DYNAMIC_NO_PIC = NO;
				GCC_NO_COMMON_BLOCKS = YES;
				GCC_OPTIMIZATION_LEVEL = 0;
				GCC_PREPROCESSOR_DEFINITIONS = (
					"DEBUG=1",
					"$(inherited)",
				);
				GCC_WARN_64_TO_32_BIT_CONVERSION = YES;
				GCC_WARN_ABOUT_RETURN_TYPE = YES_ERROR;
				GCC_WARN_UNDECLARED_SELECTOR = YES;
				GCC_WARN_UNINITIALIZED_AUTOS = YES_AGGRESSIVE;
				GCC_WARN_UNUSED_FUNCTION = YES;
				GCC_WARN_UNUSED_VARIABLE = YES;
				IPHONEOS_DEPLOYMENT_TARGET = 17.5;
				LOCALIZATION_PREFERS_STRING_CATALOGS = YES;
				MTL_ENABLE_DEBUG_INFO = INCLUDE_SOURCE;
				MTL_FAST_MATH = YES;
				ONLY_ACTIVE_ARCH = YES;
				SDKROOT = iphoneos;
				SWIFT_ACTIVE_COMPILATION_CONDITIONS = "DEBUG $(inherited)";
				SWIFT_OPTIMIZATION_LEVEL = "-Onone";
			};
			name = Debug;
		};
		1CD828D72D70F53F00624EBD /* Release */ = {
			isa = XCBuildConfiguration;
			buildSettings = {
				ALWAYS_SEARCH_USER_PATHS = NO;
				ASSETCATALOG_COMPILER_GENERATE_SWIFT_ASSET_SYMBOL_EXTENSIONS = YES;
				CLANG_ANALYZER_NONNULL = YES;
				CLANG_ANALYZER_NUMBER_OBJECT_CONVERSION = YES_AGGRESSIVE;
				CLANG_CXX_LANGUAGE_STANDARD = "gnu++20";
				CLANG_ENABLE_MODULES = YES;
				CLANG_ENABLE_OBJC_ARC = YES;
				CLANG_ENABLE_OBJC_WEAK = YES;
				CLANG_WARN_BLOCK_CAPTURE_AUTORELEASING = YES;
				CLANG_WARN_BOOL_CONVERSION = YES;
				CLANG_WARN_COMMA = YES;
				CLANG_WARN_CONSTANT_CONVERSION = YES;
				CLANG_WARN_DEPRECATED_OBJC_IMPLEMENTATIONS = YES;
				CLANG_WARN_DIRECT_OBJC_ISA_USAGE = YES_ERROR;
				CLANG_WARN_DOCUMENTATION_COMMENTS = YES;
				CLANG_WARN_EMPTY_BODY = YES;
				CLANG_WARN_ENUM_CONVERSION = YES;
				CLANG_WARN_INFINITE_RECURSION = YES;
				CLANG_WARN_INT_CONVERSION = YES;
				CLANG_WARN_NON_LITERAL_NULL_CONVERSION = YES;
				CLANG_WARN_OBJC_IMPLICIT_RETAIN_SELF = YES;
				CLANG_WARN_OBJC_LITERAL_CONVERSION = YES;
				CLANG_WARN_OBJC_ROOT_CLASS = YES_ERROR;
				CLANG_WARN_QUOTED_INCLUDE_IN_FRAMEWORK_HEADER = YES;
				CLANG_WARN_RANGE_LOOP_ANALYSIS = YES;
				CLANG_WARN_STRICT_PROTOTYPES = YES;
				CLANG_WARN_SUSPICIOUS_MOVE = YES;
				CLANG_WARN_UNGUARDED_AVAILABILITY = YES_AGGRESSIVE;
				CLANG_WARN_UNREACHABLE_CODE = YES;
				CLANG_WARN__DUPLICATE_METHOD_MATCH = YES;
				COPY_PHASE_STRIP = NO;
				DEBUG_INFORMATION_FORMAT = "dwarf-with-dsym";
				ENABLE_NS_ASSERTIONS = NO;
				ENABLE_STRICT_OBJC_MSGSEND = YES;
				ENABLE_USER_SCRIPT_SANDBOXING = YES;
				GCC_C_LANGUAGE_STANDARD = gnu17;
				GCC_NO_COMMON_BLOCKS = YES;
				GCC_WARN_64_TO_32_BIT_CONVERSION = YES;
				GCC_WARN_ABOUT_RETURN_TYPE = YES_ERROR;
				GCC_WARN_UNDECLARED_SELECTOR = YES;
				GCC_WARN_UNINITIALIZED_AUTOS = YES_AGGRESSIVE;
				GCC_WARN_UNUSED_FUNCTION = YES;
				GCC_WARN_UNUSED_VARIABLE = YES;
				IPHONEOS_DEPLOYMENT_TARGET = 17.5;
				LOCALIZATION_PREFERS_STRING_CATALOGS = YES;
				MTL_ENABLE_DEBUG_INFO = NO;
				MTL_FAST_MATH = YES;
				SDKROOT = iphoneos;
				SWIFT_COMPILATION_MODE = wholemodule;
				VALIDATE_PRODUCT = YES;
			};
			name = Release;
		};
		1CD828D92D70F53F00624EBD /* Debug */ = {
			isa = XCBuildConfiguration;
			buildSettings = {
				ASSETCATALOG_COMPILER_APPICON_NAME = AppIcon;
				ASSETCATALOG_COMPILER_GLOBAL_ACCENT_COLOR_NAME = AccentColor;
				CODE_SIGN_STYLE = Automatic;
				CURRENT_PROJECT_VERSION = 1;
				DEVELOPMENT_ASSET_PATHS = "\"platemate/Preview Content\"";
				DEVELOPMENT_TEAM = GKXPLMKRLP;
				ENABLE_PREVIEWS = YES;
				GENERATE_INFOPLIST_FILE = YES;
				INFOPLIST_KEY_NSLocationAlwaysAndWhenInUseUsageDescription = "\"fsfdsfdsf\"";
				INFOPLIST_KEY_NSMicrophoneUsageDescription = "\"This app uses the microphone to record your voice for restaurant recommendations.\"";
				INFOPLIST_KEY_NSSpeechRecognitionUsageDescription = "\"fsdfdsf\"";
				INFOPLIST_KEY_UIApplicationSceneManifest_Generation = YES;
				INFOPLIST_KEY_UIApplicationSupportsIndirectInputEvents = YES;
				INFOPLIST_KEY_UILaunchScreen_Generation = YES;
				INFOPLIST_KEY_UISupportedInterfaceOrientations_iPad = "UIInterfaceOrientationPortrait UIInterfaceOrientationPortraitUpsideDown UIInterfaceOrientationLandscapeLeft UIInterfaceOrientationLandscapeRight";
				INFOPLIST_KEY_UISupportedInterfaceOrientations_iPhone = "UIInterfaceOrientationPortrait UIInterfaceOrientationLandscapeLeft UIInterfaceOrientationLandscapeRight";
				LD_RUNPATH_SEARCH_PATHS = (
					"$(inherited)",
					"@executable_path/Frameworks",
				);
				MARKETING_VERSION = 1.0;
				PRODUCT_BUNDLE_IDENTIFIER = platemate.ai.platemate;
				PRODUCT_NAME = "$(TARGET_NAME)";
				SWIFT_EMIT_LOC_STRINGS = YES;
				SWIFT_VERSION = 5.0;
				TARGETED_DEVICE_FAMILY = "1,2";
			};
			name = Debug;
		};
		1CD828DA2D70F53F00624EBD /* Release */ = {
			isa = XCBuildConfiguration;
			buildSettings = {
				ASSETCATALOG_COMPILER_APPICON_NAME = AppIcon;
				ASSETCATALOG_COMPILER_GLOBAL_ACCENT_COLOR_NAME = AccentColor;
				CODE_SIGN_STYLE = Automatic;
				CURRENT_PROJECT_VERSION = 1;
				DEVELOPMENT_ASSET_PATHS = "\"platemate/Preview Content\"";
				DEVELOPMENT_TEAM = GKXPLMKRLP;
				ENABLE_PREVIEWS = YES;
				GENERATE_INFOPLIST_FILE = YES;
				INFOPLIST_KEY_NSLocationAlwaysAndWhenInUseUsageDescription = "\"fsfdsfdsf\"";
				INFOPLIST_KEY_NSMicrophoneUsageDescription = "\"This app uses the microphone to record your voice for restaurant recommendations.\"";
				INFOPLIST_KEY_NSSpeechRecognitionUsageDescription = "\"fsdfdsf\"";
				INFOPLIST_KEY_UIApplicationSceneManifest_Generation = YES;
				INFOPLIST_KEY_UIApplicationSupportsIndirectInputEvents = YES;
				INFOPLIST_KEY_UILaunchScreen_Generation = YES;
				INFOPLIST_KEY_UISupportedInterfaceOrientations_iPad = "UIInterfaceOrientationPortrait UIInterfaceOrientationPortraitUpsideDown UIInterfaceOrientationLandscapeLeft UIInterfaceOrientationLandscapeRight";
				INFOPLIST_KEY_UISupportedInterfaceOrientations_iPhone = "UIInterfaceOrientationPortrait UIInterfaceOrientationLandscapeLeft UIInterfaceOrientationLandscapeRight";
				LD_RUNPATH_SEARCH_PATHS = (
					"$(inherited)",
					"@executable_path/Frameworks",
				);
				MARKETING_VERSION = 1.0;
				PRODUCT_BUNDLE_IDENTIFIER = platemate.ai.platemate;
				PRODUCT_NAME = "$(TARGET_NAME)";
				SWIFT_EMIT_LOC_STRINGS = YES;
				SWIFT_VERSION = 5.0;
				TARGETED_DEVICE_FAMILY = "1,2";
			};
			name = Release;
		};
		1CD828DC2D70F53F00624EBD /* Debug */ = {
			isa = XCBuildConfiguration;
			buildSettings = {
				ALWAYS_EMBED_SWIFT_STANDARD_LIBRARIES = YES;
				BUNDLE_LOADER = "$(TEST_HOST)";
				CODE_SIGN_STYLE = Automatic;
				CURRENT_PROJECT_VERSION = 1;
				GENERATE_INFOPLIST_FILE = YES;
				IPHONEOS_DEPLOYMENT_TARGET = 17.5;
				MARKETING_VERSION = 1.0;
				PRODUCT_BUNDLE_IDENTIFIER = platemate.ai.platemateTests;
				PRODUCT_NAME = "$(TARGET_NAME)";
				SWIFT_EMIT_LOC_STRINGS = NO;
				SWIFT_VERSION = 5.0;
				TARGETED_DEVICE_FAMILY = "1,2";
				TEST_HOST = "$(BUILT_PRODUCTS_DIR)/platemate.app/$(BUNDLE_EXECUTABLE_FOLDER_PATH)/platemate";
			};
			name = Debug;
		};
		1CD828DD2D70F53F00624EBD /* Release */ = {
			isa = XCBuildConfiguration;
			buildSettings = {
				ALWAYS_EMBED_SWIFT_STANDARD_LIBRARIES = YES;
				BUNDLE_LOADER = "$(TEST_HOST)";
				CODE_SIGN_STYLE = Automatic;
				CURRENT_PROJECT_VERSION = 1;
				GENERATE_INFOPLIST_FILE = YES;
				IPHONEOS_DEPLOYMENT_TARGET = 17.5;
				MARKETING_VERSION = 1.0;
				PRODUCT_BUNDLE_IDENTIFIER = platemate.ai.platemateTests;
				PRODUCT_NAME = "$(TARGET_NAME)";
				SWIFT_EMIT_LOC_STRINGS = NO;
				SWIFT_VERSION = 5.0;
				TARGETED_DEVICE_FAMILY = "1,2";
				TEST_HOST = "$(BUILT_PRODUCTS_DIR)/platemate.app/$(BUNDLE_EXECUTABLE_FOLDER_PATH)/platemate";
			};
			name = Release;
		};
		1CD828DF2D70F53F00624EBD /* Debug */ = {
			isa = XCBuildConfiguration;
			buildSettings = {
				ALWAYS_EMBED_SWIFT_STANDARD_LIBRARIES = YES;
				CODE_SIGN_STYLE = Automatic;
				CURRENT_PROJECT_VERSION = 1;
				GENERATE_INFOPLIST_FILE = YES;
				MARKETING_VERSION = 1.0;
				PRODUCT_BUNDLE_IDENTIFIER = platemate.ai.platemateUITests;
				PRODUCT_NAME = "$(TARGET_NAME)";
				SWIFT_EMIT_LOC_STRINGS = NO;
				SWIFT_VERSION = 5.0;
				TARGETED_DEVICE_FAMILY = "1,2";
				TEST_TARGET_NAME = platemate;
			};
			name = Debug;
		};
		1CD828E02D70F53F00624EBD /* Release */ = {
			isa = XCBuildConfiguration;
			buildSettings = {
				ALWAYS_EMBED_SWIFT_STANDARD_LIBRARIES = YES;
				CODE_SIGN_STYLE = Automatic;
				CURRENT_PROJECT_VERSION = 1;
				GENERATE_INFOPLIST_FILE = YES;
				MARKETING_VERSION = 1.0;
				PRODUCT_BUNDLE_IDENTIFIER = platemate.ai.platemateUITests;
				PRODUCT_NAME = "$(TARGET_NAME)";
				SWIFT_EMIT_LOC_STRINGS = NO;
				SWIFT_VERSION = 5.0;
				TARGETED_DEVICE_FAMILY = "1,2";
				TEST_TARGET_NAME = platemate;
			};
			name = Release;
		};
/* End XCBuildConfiguration section */

/* Begin XCConfigurationList section */
		1CD828AA2D70F53D00624EBD /* Build configuration list for PBXProject "platemate" */ = {
			isa = XCConfigurationList;
			buildConfigurations = (
				1CD828D62D70F53F00624EBD /* Debug */,
				1CD828D72D70F53F00624EBD /* Release */,
			);
			defaultConfigurationIsVisible = 0;
			defaultConfigurationName = Release;
		};
		1CD828D82D70F53F00624EBD /* Build configuration list for PBXNativeTarget "platemate" */ = {
			isa = XCConfigurationList;
			buildConfigurations = (
				1CD828D92D70F53F00624EBD /* Debug */,
				1CD828DA2D70F53F00624EBD /* Release */,
			);
			defaultConfigurationIsVisible = 0;
			defaultConfigurationName = Release;
		};
		1CD828DB2D70F53F00624EBD /* Build configuration list for PBXNativeTarget "platemateTests" */ = {
			isa = XCConfigurationList;
			buildConfigurations = (
				1CD828DC2D70F53F00624EBD /* Debug */,
				1CD828DD2D70F53F00624EBD /* Release */,
			);
			defaultConfigurationIsVisible = 0;
			defaultConfigurationName = Release;
		};
		1CD828DE2D70F53F00624EBD /* Build configuration list for PBXNativeTarget "platemateUITests" */ = {
			isa = XCConfigurationList;
			buildConfigurations = (
				1CD828DF2D70F53F00624EBD /* Debug */,
				1CD828E02D70F53F00624EBD /* Release */,
			);
			defaultConfigurationIsVisible = 0;
			defaultConfigurationName = Release;
		};
/* End XCConfigurationList section */

/* Begin XCRemoteSwiftPackageReference section */
		1CD828E12D7107D200624EBD /* XCRemoteSwiftPackageReference "generative-ai-swift" */ = {
			isa = XCRemoteSwiftPackageReference;
			repositoryURL = "https://github.com/google-gemini/generative-ai-swift";
			requirement = {
				kind = upToNextMajorVersion;
				minimumVersion = 0.5.6;
			};
		};
/* End XCRemoteSwiftPackageReference section */

/* Begin XCSwiftPackageProductDependency section */
		1CD828E22D7107D200624EBD /* GoogleGenerativeAI */ = {
			isa = XCSwiftPackageProductDependency;
			package = 1CD828E12D7107D200624EBD /* XCRemoteSwiftPackageReference "generative-ai-swift" */;
			productName = GoogleGenerativeAI;
		};
/* End XCSwiftPackageProductDependency section */

/* Begin XCVersionGroup section */
		1CD828BD2D70F53E00624EBD /* platemate.xcdatamodeld */ = {
			isa = XCVersionGroup;
			children = (
				1CD828BE2D70F53E00624EBD /* platemate.xcdatamodel */,
			);
			currentVersion = 1CD828BE2D70F53E00624EBD /* platemate.xcdatamodel */;
			path = platemate.xcdatamodeld;
			sourceTree = "<group>";
			versionGroupType = wrapper.xcdatamodel;
		};
/* End XCVersionGroup section */
	};
	rootObject = 1CD828A72D70F53D00624EBD /* Project object */;
}
